{
  "originHash" : "da5c5a3c80ed692695046f52f059113adff2f3ca91dddff7e9c7f782d5ca130b",
  "pins" : [
    {
      "identity" : "isvimagescrollview",
      "kind" : "remoteSourceControl",
      "location" : "https://github.com/yuriiik/ISVImageScrollView",
      "state" : {
        "branch" : "master",
        "revision" : "1202f148508c5498e0d8948b803083e2a091de82"
      }
    },
    {
      "identity" : "snapkit",
      "kind" : "remoteSourceControl",
      "location" : "https://github.com/SnapKit/SnapKit",
      "state" : {
        "branch" : "develop",
        "revision" : "3b5120fa082a847059bc0ca02f99561d6be25c5d"
      }
    },
    {
      "identity" : "ztronvideoplayer",
      "kind" : "remoteSourceControl",
      "location" : "https://github.com/NiccoloBargioni/ZTronVideoPlayer",
      "state" : {
        "branch" : "main",
        "revision" : "267f2cbea40241878b205a21df05c80f098bd1de"
      }
    }
  ],
  "version" : 3
}
